version: 7
platforms:
- name: linux-64
  virtual-packages:
  - __unix=0=0
  - __linux=4.18
  - __glibc=2.28
  - __archspec=0=x86_64
- name: p1
  subdir: linux-64
  virtual-packages:
  - __cuda=13.2
  - __glibc=2.39
  - __unix=0=0
  - __linux=4.18
  - __archspec=0=x86_64
environments:
  default:
    channels:
    - url: https://conda.anaconda.org/conda-forge/
    packages: {}
  llamacpp-cuda:
    channels:
    - url: https://conda.anaconda.org/conda-forge/
    packages:
      p1:
      - conda: https://conda.anaconda.org/conda-forge/linux-64/_openmp_mutex-4.5-20_gnu.conda
      - conda: https://conda.anaconda.org/conda-forge/linux-64/binutils_impl_linux-64-2.46.1-default_hfdba357_102.conda
      - conda: https://conda.anaconda.org/conda-forge/linux-64/binutils_linux-64-2.46.1-default_h4852527_102.conda
      - conda: https://conda.anaconda.org/conda-forge/linux-64/bzip2-1.0.8-hda65f42_10.conda
      - conda: https://conda.anaconda.org/conda-forge/linux-64/c-ares-1.34.8-hebe6cf0_2.conda
      - conda: https://conda.anaconda.org/conda-forge/linux-64/cmake-4.4.3-hff7ac6b_0.conda
      - conda: https://conda.anaconda.org/conda-forge/linux-64/cuda-crt-tools-13.2.86-ha770c72_0.conda
      - conda: https://conda.anaconda.org/conda-forge/linux-64/cuda-cudart-13.2.86-hecca717_0.conda
      - conda: https://conda.anaconda.org/conda-forge/linux-64/cuda-cudart-dev-13.2.86-hecca717_0.conda
      - conda: https://conda.anaconda.org/conda-forge/linux-64/cuda-cudart-static-13.2.86-hecca717_0.conda
      - conda: https://conda.anaconda.org/conda-forge/linux-64/cuda-nvcc-13.2.86-hcdd1206_0.conda
      - conda: https://conda.anaconda.org/conda-forge/linux-64/cuda-nvcc-impl-13.2.86-h85509e4_0.conda
      - conda: https://conda.anaconda.org/conda-forge/linux-64/cuda-nvcc-tools-13.2.86-he02047a_0.conda
      - conda: https://conda.anaconda.org/conda-forge/linux-64/cuda-nvcc_linux-64-13.2.86-hb2fc203_0.conda
      - conda: https://conda.anaconda.org/conda-forge/linux-64/cuda-nvrtc-13.2.86-hecca717_0.conda
      - conda: https://conda.anaconda.org/conda-forge/linux-64/cuda-nvvm-impl-13.2.86-h4bc722e_0.conda
      - conda: https://conda.anaconda.org/conda-forge/linux-64/cuda-nvvm-tools-13.2.86-h4bc722e_0.conda
      - conda: https://conda.anaconda.org/conda-forge/linux-64/curl-8.22.0-ha042cf0_0.conda
      - conda: https://conda.anaconda.org/conda-forge/linux-64/gcc_impl_linux-64-15.3.0-h6ad849d_7.conda
      - conda: https://conda.anaconda.org/conda-forge/linux-64/gcc_linux-64-15.3.0-h7df7c86_2.conda
      - conda: https://conda.anaconda.org/conda-forge/linux-64/gxx_impl_linux-64-15.3.0-h90d9265_7.conda
      - conda: https://conda.anaconda.org/conda-forge/linux-64/gxx_linux-64-15.3.0-h39dd401_2.conda
      - conda: https://conda.anaconda.org/conda-forge/linux-64/icu-78.3-py310h44b86e0_2.conda
      - conda: https://conda.anaconda.org/conda-forge/linux-64/keyutils-1.6.3-h7cc23a3_1.conda
      - conda: https://conda.anaconda.org/conda-forge/linux-64/krb5-1.22.2-hbc21106_2.conda
      - conda: https://conda.anaconda.org/conda-forge/linux-64/ld_impl_linux-64-2.46.1-default_hbd61a6d_102.conda
      - conda: https://conda.anaconda.org/conda-forge/linux-64/libcublas-13.4.1.3-h676940d_0.conda
      - conda: https://conda.anaconda.org/conda-forge/linux-64/libcublas-dev-13.4.1.3-h676940d_0.conda
      - conda: https://conda.anaconda.org/conda-forge/linux-64/libcurl-8.22.0-ha042cf0_0.conda
      - conda: https://conda.anaconda.org/conda-forge/linux-64/libedit-3.1.20250104-pl5321h373387f_1.conda
      - conda: https://conda.anaconda.org/conda-forge/linux-64/libev-4.33-h280c20c_3.conda
      - conda: https://conda.anaconda.org/conda-forge/linux-64/libexpat-2.8.5-hd2095e1_0.conda
      - conda: https://conda.anaconda.org/conda-forge/linux-64/libgcc-16.2.0-ha9f2e26_7.conda
      - conda: https://conda.anaconda.org/conda-forge/linux-64/libgomp-16.2.0-he0feb66_7.conda
      - conda: https://conda.anaconda.org/conda-forge/linux-64/liblzma-5.8.3-hb03c661_1.conda
      - conda: https://conda.anaconda.org/conda-forge/linux-64/libnghttp2-1.68.1-h74cf4be_1.conda
      - conda: https://conda.anaconda.org/conda-forge/linux-64/libnvptxcompiler-dev-13.2.86-ha770c72_0.conda
      - conda: https://conda.anaconda.org/conda-forge/linux-64/libpsl-0.23.1-hd9e3e90_1.conda
      - conda: https://conda.anaconda.org/conda-forge/linux-64/libsanitizer-15.3.0-h54950a5_7.conda
      - conda: https://conda.anaconda.org/conda-forge/linux-64/libssh2-1.11.1-h6154650_1.conda
      - conda: https://conda.anaconda.org/conda-forge/linux-64/libstdcxx-16.2.0-h934c35e_7.conda
      - conda: https://conda.anaconda.org/conda-forge/linux-64/libuv-1.52.1-h280c20c_1.conda
      - conda: https://conda.anaconda.org/conda-forge/linux-64/libzlib-1.3.2-h25fd6f3_3.conda
      - conda: https://conda.anaconda.org/conda-forge/linux-64/ncurses-6.6-hdb14827_1.conda
      - conda: https://conda.anaconda.org/conda-forge/linux-64/ninja-1.13.2-h171cf75_1.conda
      - conda: https://conda.anaconda.org/conda-forge/linux-64/openssl-3.6.4-h781a0a9_0.conda
      - conda: https://conda.anaconda.org/conda-forge/linux-64/rhash-1.4.6-hb03c661_2.conda
      - conda: https://conda.anaconda.org/conda-forge/linux-64/zstd-1.5.7-hb78ec9c_7.conda
      - conda: https://conda.anaconda.org/conda-forge/noarch/ca-certificates-2026.7.22-hbd8a1cb_0.conda
      - conda: https://conda.anaconda.org/conda-forge/noarch/cuda-cccl_linux-64-13.2.86-ha770c72_0.conda
      - conda: https://conda.anaconda.org/conda-forge/noarch/cuda-crt-dev_linux-64-13.2.86-ha770c72_0.conda
      - conda: https://conda.anaconda.org/conda-forge/noarch/cuda-cudart-dev_linux-64-13.2.86-h376f20c_0.conda
      - conda: https://conda.anaconda.org/conda-forge/noarch/cuda-cudart-static_linux-64-13.2.86-h376f20c_0.conda
      - conda: https://conda.anaconda.org/conda-forge/noarch/cuda-cudart_linux-64-13.2.86-h376f20c_0.conda
      - conda: https://conda.anaconda.org/conda-forge/noarch/cuda-driver-dev_linux-64-13.2.86-h376f20c_0.conda
      - conda: https://conda.anaconda.org/conda-forge/noarch/cuda-nvcc-dev_linux-64-13.2.86-he91c749_0.conda
      - conda: https://conda.anaconda.org/conda-forge/noarch/cuda-nvvm-dev_linux-64-13.2.86-ha770c72_0.conda
      - conda: https://conda.anaconda.org/conda-forge/noarch/cuda-version-13.2-he2cc418_3.conda
      - conda: https://conda.anaconda.org/conda-forge/noarch/kernel-headers_linux-64-6.12.0-he073ed8_6.conda
      - conda: https://conda.anaconda.org/conda-forge/noarch/libgcc-devel_linux-64-15.3.0-h2b852eb_107.conda
      - conda: https://conda.anaconda.org/conda-forge/noarch/libnvptxcompiler-dev_linux-64-13.2.86-ha770c72_0.conda
      - conda: https://conda.anaconda.org/conda-forge/noarch/libstdcxx-devel_linux-64-15.3.0-hb2c5482_107.conda
      - conda: https://conda.anaconda.org/conda-forge/noarch/sysroot_linux-64-2.39-hc4b9eeb_6.conda
      - conda: https://conda.anaconda.org/conda-forge/noarch/tzdata-2026c-h151e31d_0.conda
  llamacpp-vulkan:
    channels:
    - url: https://conda.anaconda.org/conda-forge/
    packages:
      linux-64:
      - conda: https://conda.anaconda.org/conda-forge/linux-64/_openmp_mutex-4.5-20_gnu.conda
      - conda: https://conda.anaconda.org/conda-forge/linux-64/binutils_impl_linux-64-2.46.1-default_hfdba357_102.conda
      - conda: https://conda.anaconda.org/conda-forge/linux-64/binutils_linux-64-2.46.1-default_h4852527_102.conda
      - conda: https://conda.anaconda.org/conda-forge/linux-64/bzip2-1.0.8-hda65f42_10.conda
      - conda: https://conda.anaconda.org/conda-forge/linux-64/c-ares-1.34.8-hebe6cf0_2.conda
      - conda: https://conda.anaconda.org/conda-forge/linux-64/cmake-4.4.3-hff7ac6b_0.conda
      - conda: https://conda.anaconda.org/conda-forge/linux-64/curl-8.22.0-ha042cf0_0.conda
      - conda: https://conda.anaconda.org/conda-forge/linux-64/gcc_impl_linux-64-16.2.0-h9891192_7.conda
      - conda: https://conda.anaconda.org/conda-forge/linux-64/gcc_linux-64-16.2.0-h0ab548f_2.conda
      - conda: https://conda.anaconda.org/conda-forge/linux-64/glslang-16.6.0-h980caa0_0.conda
      - conda: https://conda.anaconda.org/conda-forge/linux-64/gxx_impl_linux-64-16.2.0-h0d273dc_7.conda
      - conda: https://conda.anaconda.org/conda-forge/linux-64/gxx_linux-64-16.2.0-h23aca61_2.conda
      - conda: https://conda.anaconda.org/conda-forge/linux-64/icu-78.3-py310h44b86e0_2.conda
      - conda: https://conda.anaconda.org/conda-forge/linux-64/keyutils-1.6.3-h7cc23a3_1.conda
      - conda: https://conda.anaconda.org/conda-forge/linux-64/krb5-1.22.2-hbc21106_2.conda
      - conda: https://conda.anaconda.org/conda-forge/linux-64/ld_impl_linux-64-2.46.1-default_hbd61a6d_102.conda
      - conda: https://conda.anaconda.org/conda-forge/linux-64/libcurl-8.22.0-ha042cf0_0.conda
      - conda: https://conda.anaconda.org/conda-forge/linux-64/libedit-3.1.20250104-pl5321h373387f_1.conda
      - conda: https://conda.anaconda.org/conda-forge/linux-64/libev-4.33-h280c20c_3.conda
      - conda: https://conda.anaconda.org/conda-forge/linux-64/libexpat-2.8.5-hd2095e1_0.conda
      - conda: https://conda.anaconda.org/conda-forge/linux-64/libgcc-16.2.0-ha9f2e26_7.conda
      - conda: https://conda.anaconda.org/conda-forge/linux-64/libgomp-16.2.0-he0feb66_7.conda
      - conda: https://conda.anaconda.org/conda-forge/linux-64/liblzma-5.8.3-hb03c661_1.conda
      - conda: https://conda.anaconda.org/conda-forge/linux-64/libnghttp2-1.68.1-h74cf4be_1.conda
      - conda: https://conda.anaconda.org/conda-forge/linux-64/libpsl-0.23.1-hd9e3e90_1.conda
      - conda: https://conda.anaconda.org/conda-forge/linux-64/libsanitizer-16.2.0-h3048135_7.conda
      - conda: https://conda.anaconda.org/conda-forge/linux-64/libssh2-1.11.1-h6154650_1.conda
      - conda: https://conda.anaconda.org/conda-forge/linux-64/libstdcxx-16.2.0-h934c35e_7.conda
      - conda: https://conda.anaconda.org/conda-forge/linux-64/libuv-1.52.1-h280c20c_1.conda
      - conda: https://conda.anaconda.org/conda-forge/linux-64/libvulkan-headers-1.4.357.0-h4dbf13b_1.conda
      - conda: https://conda.anaconda.org/conda-forge/linux-64/libvulkan-loader-1.4.357.0-h0e34353_2.conda
      - conda: https://conda.anaconda.org/conda-forge/linux-64/libxcb-1.17.0-hb83e432_2.conda
      - conda: https://conda.anaconda.org/conda-forge/linux-64/libzlib-1.3.2-h25fd6f3_3.conda
      - conda: https://conda.anaconda.org/conda-forge/linux-64/ncurses-6.6-hdb14827_1.conda
      - conda: https://conda.anaconda.org/conda-forge/linux-64/ninja-1.13.2-h171cf75_1.conda
      - conda: https://conda.anaconda.org/conda-forge/linux-64/openssl-3.6.4-h781a0a9_0.conda
      - conda: https://conda.anaconda.org/conda-forge/linux-64/pthread-stubs-0.4-h7cc23a3_1004.conda
      - conda: https://conda.anaconda.org/conda-forge/linux-64/rhash-1.4.6-hb03c661_2.conda
      - conda: https://conda.anaconda.org/conda-forge/linux-64/shaderc-2026.4-hcebf71c_0.conda
      - conda: https://conda.anaconda.org/conda-forge/linux-64/spirv-tools-2026.3-h7148c6a_1.conda
      - conda: https://conda.anaconda.org/conda-forge/linux-64/xorg-libx11-1.8.13-he1eb515_1.conda
      - conda: https://conda.anaconda.org/conda-forge/linux-64/xorg-libxau-1.0.12-h7cc23a3_2.conda
      - conda: https://conda.anaconda.org/conda-forge/linux-64/xorg-libxdmcp-1.1.5-h7cc23a3_2.conda
      - conda: https://conda.anaconda.org/conda-forge/linux-64/xorg-libxext-1.3.7-h7cc23a3_1.conda
      - conda: https://conda.anaconda.org/conda-forge/linux-64/xorg-libxrandr-1.5.5-h7cc23a3_1.conda
      - conda: https://conda.anaconda.org/conda-forge/linux-64/xorg-libxrender-0.9.12-hb03c661_1.conda
      - conda: https://conda.anaconda.org/conda-forge/linux-64/zstd-1.5.7-hb78ec9c_7.conda
      - conda: https://conda.anaconda.org/conda-forge/noarch/ca-certificates-2026.7.22-hbd8a1cb_0.conda
      - conda: https://conda.anaconda.org/conda-forge/noarch/kernel-headers_linux-64-4.18.0-he073ed8_9.conda
      - conda: https://conda.anaconda.org/conda-forge/noarch/libgcc-devel_linux-64-16.2.0-he3ce08f_107.conda
      - conda: https://conda.anaconda.org/conda-forge/noarch/libstdcxx-devel_linux-64-16.2.0-h86e191b_107.conda
      - conda: https://conda.anaconda.org/conda-forge/noarch/spirv-headers-1.4.357.0-habde300_0.conda
      - conda: https://conda.anaconda.org/conda-forge/noarch/sysroot_linux-64-2.28-h4ee821c_9.conda
      - conda: https://conda.anaconda.org/conda-forge/noarch/tzdata-2026c-h151e31d_0.conda
packages:
- conda: https://conda.anaconda.org/conda-forge/linux-64/_openmp_mutex-4.5-20_gnu.conda
  build_number: 20
  sha256: 1dd3fffd892081df9726d7eb7e0dea6198962ba775bd88842135a4ddb4deb3c9
  md5: a9f577daf3de00bca7c3c76c0ecbd1de
  depends:
  - __glibc >=2.17,<3.0.a0
  - libgomp >=7.5.0
  constrains:
  - openmp_impl <0.0a0
  license: BSD-3-Clause
  license_family: BSD
  purls: []
  size: 28948
  timestamp: 1770939786096
- conda: https://conda.anaconda.org/conda-forge/linux-64/binutils_impl_linux-64-2.46.1-default_hfdba357_102.conda
  sha256: fb7bf36984a37ce7e4714d1d1da0bd0e3bfc679520f5cdc184afc676fd4b5da2
  md5: a0c5e0b7f58c8ceeb08e5bc41251d5a2
  depends:
  - ld_impl_linux-64 2.46.1 default_hbd61a6d_102
  - sysroot_linux-64
  - zstd >=1.5.7,<1.6.0a0
  license: GPL-3.0-only
  license_family: GPL
  size: 3713752
  timestamp: 1784214522814
- conda: https://conda.anaconda.org/conda-forge/linux-64/binutils_linux-64-2.46.1-default_h4852527_102.conda
  sha256: 08d7238663fc408ba2ab60b02fa3d06a7ca9d872962e03e90c7e0fdecb7ed1d0
  md5: 32fd07abe84eb14f17c7f5cc6fa8df82
  depends:
  - binutils_impl_linux-64 2.46.1 default_hfdba357_102
  license: GPL-3.0-only
  license_family: GPL
  size: 36337
  timestamp: 1784214551894
- conda: https://conda.anaconda.org/conda-forge/linux-64/bzip2-1.0.8-hda65f42_10.conda
  sha256: 1a0d382c515ebf55f8ee1f38c8b81bc95af5c2acc42ad53b66bc5df932032f96
  md5: e675fabcf81499adc7edf58124fb1e01
  depends:
  - __glibc >=2.17,<3.0.a0
  - libgcc >=14
  license: bzip2-1.0.6
  license_family: BSD
  purls: []
  size: 257808
  timestamp: 1785906269155
- conda: https://conda.anaconda.org/conda-forge/linux-64/c-ares-1.34.8-hebe6cf0_2.conda
  sha256: 9c37cc233238adf366ea75b0e845662a5be07ceadf62e458183516369340274b
  md5: 3ad2b403be8fc5612b9159e2ce621f69
  depends:
  - libgcc >=15
  - __glibc >=2.17,<3.0.a0
  license: MIT
  license_family: MIT
  size: 228700
  timestamp: 1787169971173
- conda: https://conda.anaconda.org/conda-forge/linux-64/cmake-4.4.3-hff7ac6b_0.conda
  sha256: a6d21b5166cd7a44fa975e541f1abf851579a8ac3458e72e77125761da06c842
  md5: e9d08c8f9a02853bfc6f8c3a4b0b19a4
  depends:
  - libgcc >=15
  - __glibc >=2.17,<3.0.a0
  - libstdcxx >=15
  - ncurses >=6.6,<7.0a0
  - bzip2 >=1.0.8,<2.0a0
  - libexpat >=2.8.1,<3.0a0
  - liblzma >=5.8.3,<6.0a0
  - libcurl >=8.21.0,<9.0a0
  - rhash >=1.4.6,<2.0a0
  - libuv >=1.52.1,<2.0a0
  - libzlib >=1.3.2,<2.0a0
  - zstd >=1.5.7,<1.6.0a0
  license: BSD-3-Clause
  license_family: BSD
  size: 26077721
  timestamp: 1787711119591
- conda: https://conda.anaconda.org/conda-forge/linux-64/cuda-crt-tools-13.2.86-ha770c72_0.conda
  sha256: 0232a36d9f348f5dd0495a40326767012a1b0412c3a05f6cd6ed422a29efa26c
  md5: 69aaf2e939483bae5e7a95161d7942b7
  depends:
  - cuda-version >=13.2,<13.3.0a0
  license: LicenseRef-NVIDIA-End-User-License-Agreement
  size: 30142
  timestamp: 1784315146725
- conda: https://conda.anaconda.org/conda-forge/linux-64/cuda-cudart-13.2.86-hecca717_0.conda
  sha256: f064ec35c63ec12e4bfad9b6c803ab395d6e5cc5c8414861a496c937353da73c
  md5: f62ef5ae0afa601b851b43e4a04edb44
  depends:
  - __glibc >=2.17,<3.0.a0
  - cuda-cudart_linux-64 13.2.86 h376f20c_0
  - cuda-version >=13.2,<13.3.0a0
  - libgcc >=14
  - libstdcxx >=14
  license: LicenseRef-NVIDIA-End-User-License-Agreement
  size: 24110
  timestamp: 1784268191158
- conda: https://conda.anaconda.org/conda-forge/linux-64/cuda-cudart-dev-13.2.86-hecca717_0.conda
  sha256: b09873804852b2c263c313e8d4f77a533479ca901cc0e37f89c7dc80c36472c9
  md5: aabebbd12458aa6ae1b2454d59883b86
  depends:
  - __glibc >=2.17,<3.0.a0
  - cuda-cudart 13.2.86 hecca717_0
  - cuda-cudart-dev_linux-64 13.2.86 h376f20c_0
  - cuda-cudart-static 13.2.86 hecca717_0
  - cuda-version >=13.2,<13.3.0a0
  - libgcc >=14
  - libstdcxx >=14
  license: LicenseRef-NVIDIA-End-User-License-Agreement
  size: 24670
  timestamp: 1784268207887
- conda: https://conda.anaconda.org/conda-forge/linux-64/cuda-cudart-static-13.2.86-hecca717_0.conda
  sha256: 2408aca1ca5dd3afb82f8f9b5962aba140377b2494806022bf162903e97bdad5
  md5: 0489cbf11d107503d2ed601e28401433
  depends:
  - __glibc >=2.17,<3.0.a0
  - cuda-cudart-static_linux-64 13.2.86 h376f20c_0
  - cuda-version >=13.2,<13.3.0a0
  - libgcc >=14
  - libstdcxx >=14
  license: LicenseRef-NVIDIA-End-User-License-Agreement
  size: 24070
  timestamp: 1784268200839
- conda: https://conda.anaconda.org/conda-forge/linux-64/cuda-nvcc-13.2.86-hcdd1206_0.conda
  sha256: 1e106ba40c04fd15199f864c45a9546f5733c9ea2f4a60abe88242fe711cb40d
  md5: 61435ad83ce4a0ebbf4cd116f6ea3b4d
  depends:
  - cuda-nvcc_linux-64 13.2.86.*
  - gcc_linux-64
  - gxx_linux-64
  license: LicenseRef-NVIDIA-End-User-License-Agreement
  size: 25056
  timestamp: 1784330890406
- conda: https://conda.anaconda.org/conda-forge/linux-64/cuda-nvcc-impl-13.2.86-h85509e4_0.conda
  sha256: 85eabd74fc9818e34d9e1d549fb480b052ef626e1266f5d5af2d1d6cc1e140db
  md5: 85d4d1f309d66a0650a9459c758cf04e
  depends:
  - cuda-cudart >=13.2.86,<14.0a0
  - cuda-cudart-dev
  - cuda-nvcc-dev_linux-64 13.2.86 he91c749_0
  - cuda-nvcc-tools 13.2.86 he02047a_0
  - cuda-nvvm-impl 13.2.86 h4bc722e_0
  - cuda-version >=13.2,<13.3.0a0
  - libnvptxcompiler-dev 13.2.86 ha770c72_0
  constrains:
  - gcc_impl_linux-64 >=6,<16.0a0
  license: LicenseRef-NVIDIA-End-User-License-Agreement
  size: 27933
  timestamp: 1784315296535
- conda: https://conda.anaconda.org/conda-forge/linux-64/cuda-nvcc-tools-13.2.86-he02047a_0.conda
  sha256: e1f559ef01706c3bdc4d0d92dd9ca40c5aa3809d9d3b53d0a13efbed1cc2a65d
  md5: feb6908e6f22195fc067382e9137c871
  depends:
  - __glibc >=2.17,<3.0.a0
  - cuda-crt-tools 13.2.86 ha770c72_0
  - cuda-nvvm-tools 13.2.86 h4bc722e_0
  - cuda-version >=13.2,<13.3.0a0
  - libgcc >=12
  - libstdcxx >=12
  constrains:
  - gcc_impl_linux-64 >=6,<16.0a0
  license: LicenseRef-NVIDIA-End-User-License-Agreement
  size: 34018218
  timestamp: 1784315247042
- conda: https://conda.anaconda.org/conda-forge/linux-64/cuda-nvcc_linux-64-13.2.86-hb2fc203_0.conda
  sha256: e789980653a9d8872bef986eeead5f9a9f4174f2845cb6d5c0370c926f64a051
  md5: cfdd3bd4bb05495451557762156b2ce3
  depends:
  - __glibc >=2.17,<3.0.a0
  - cuda-cudart-dev_linux-64 13.2.*
  - cuda-driver-dev_linux-64 13.2.*
  - cuda-nvcc-dev_linux-64 13.2.86.*
  - cuda-nvcc-impl 13.2.86.*
  - cuda-nvcc-tools 13.2.86.*
  - sysroot_linux-64 >=2.17,<3.0a0
  license: LicenseRef-NVIDIA-End-User-License-Agreement
  size: 27288
  timestamp: 1784330889745
- conda: https://conda.anaconda.org/conda-forge/linux-64/cuda-nvrtc-13.2.86-hecca717_0.conda
  sha256: 8840ee781e089196683478588f3e4fccc0f13d92449f2f114c86103ee96620e4
  md5: 29fe7141d40ccc9700f6cf9ccda69a60
  depends:
  - __glibc >=2.17,<3.0.a0
  - cuda-version >=13.2,<13.3.0a0
  - libgcc >=14
  - libstdcxx >=14
  license: LicenseRef-NVIDIA-End-User-License-Agreement
  size: 35671107
  timestamp: 1784261823106
- conda: https://conda.anaconda.org/conda-forge/linux-64/cuda-nvvm-impl-13.2.86-h4bc722e_0.conda
  sha256: 3d9c809765ae93aa95eeabfc2f8e1919bdab5651e92ba859aa446274f268bdd1
  md5: 3b5453b71ac56b62ca396e5235475bb3
  depends:
  - __glibc >=2.17,<3.0.a0
  - cuda-version >=13.2,<13.3.0a0
  - libgcc >=12
  license: LicenseRef-NVIDIA-End-User-License-Agreement
  size: 22202778
  timestamp: 1784315156810
- conda: https://conda.anaconda.org/conda-forge/linux-64/cuda-nvvm-tools-13.2.86-h4bc722e_0.conda
  sha256: d936ab11e34247d9ba91f8363048f55e41c4abd171848f3c8bae372770d83f04
  md5: 3247721b658cd4bda4913bfddc92a05d
  depends:
  - __glibc >=2.17,<3.0.a0
  - cuda-version >=13.2,<13.3.0a0
  - libgcc >=12
  license: LicenseRef-NVIDIA-End-User-License-Agreement
  size: 25989670
  timestamp: 1784315182292
- conda: https://conda.anaconda.org/conda-forge/linux-64/curl-8.22.0-ha042cf0_0.conda
  sha256: 1a35faf4bf079c4438c52c9795b95d6c97c1b60e0bb51802cf48e2b7352b57e5
  md5: 399a7c0b7ca511de34c5ee5762cee149
  depends:
  - __glibc >=2.17,<3.0.a0
  - krb5 >=1.22.2,<1.23.0a0
  - libcurl 8.22.0 ha042cf0_0
  - libgcc >=15
  - libpsl >=0.23.1,<0.24.0a0
  - libssh2 >=1.11.1,<2.0a0
  - libzlib >=1.3.2,<2.0a0
  - openssl >=3.5.8,<4.0a0
  - zstd >=1.5.7,<1.6.0a0
  license: curl
  license_family: MIT
  size: 196563
  timestamp: 1788340726238
- conda: https://conda.anaconda.org/conda-forge/linux-64/gcc_impl_linux-64-15.3.0-h6ad849d_7.conda
  sha256: 3c6deaf411a00aef601fb37f3a5e00aa4b85bace1fd2ebad347033aadc543c55
  md5: 61f2e6900de1f2aff25717b332ed6dac
  depends:
  - binutils_impl_linux-64 >=2.46.1
  - libgcc >=15.3.0
  - libgcc-devel_linux-64 15.3.0 h2b852eb_107
  - libgomp >=15.3.0
  - libsanitizer 15.3.0 h54950a5_7
  - libstdcxx >=15.3.0
  - libstdcxx-devel_linux-64 15.3.0 hb2c5482_107
  - sysroot_linux-64
  license: GPL-3.0-only WITH GCC-exception-3.1
  license_family: GPL
  size: 83849972
  timestamp: 1790302722312
- conda: https://conda.anaconda.org/conda-forge/linux-64/gcc_impl_linux-64-16.2.0-h9891192_7.conda
  sha256: 14acaa661e4c4ef6c65606612b8b08f8f079c6a9e6da3ffcb77056685c675651
  md5: f548b09900fed2701931f8cf925d8b9b
  depends:
  - binutils_impl_linux-64 >=2.46.1
  - libgcc >=16.2.0
  - libgcc-devel_linux-64 16.2.0 he3ce08f_107
  - libgomp >=16.2.0
  - libsanitizer 16.2.0 h3048135_7
  - libstdcxx >=16.2.0
  - libstdcxx-devel_linux-64 16.2.0 h86e191b_107
  - sysroot_linux-64
  license: GPL-3.0-only WITH GCC-exception-3.1
  license_family: GPL
  size: 86085260
  timestamp: 1790303193926
- conda: https://conda.anaconda.org/conda-forge/linux-64/gcc_linux-64-15.3.0-h7df7c86_2.conda
  sha256: 0bb23a0685853c749490e9cd147da18397113c9ebb770f13363673b214012c86
  md5: a0f9ee782bffd65734fc7ec43784e4b1
  depends:
  - gcc_impl_linux-64 15.3.0.*
  - binutils_linux-64
  - sysroot_linux-64
  license: BSD-3-Clause
  license_family: BSD
  size: 30359
  timestamp: 1789573355972
- conda: https://conda.anaconda.org/conda-forge/linux-64/gcc_linux-64-16.2.0-h0ab548f_2.conda
  sha256: b9817e310019a9c8b79e46335c87e478c7646d2fcc727cc53bb5a3e8ce276c1d
  md5: 3928593d74a0b17f84fba5977cb7023d
  depends:
  - gcc_impl_linux-64 16.2.0.*
  - binutils_linux-64
  - sysroot_linux-64
  license: BSD-3-Clause
  license_family: BSD
  size: 30371
  timestamp: 1789573357529
- conda: https://conda.anaconda.org/conda-forge/linux-64/glslang-16.6.0-h980caa0_0.conda
  sha256: 390b9e94b29b53366673e5460b433c9daa34788f5cdabf8b30bf40cf086c60dd
  md5: 35406140e41bd93ba199420e299854ef
  depends:
  - __glibc >=2.17,<3.0.a0
  - libgcc >=15
  - libstdcxx >=15
  - spirv-tools >=2026,<2027.0a0
  license: BSD-3-Clause
  license_family: BSD
  size: 1449282
  timestamp: 1789335100141
- conda: https://conda.anaconda.org/conda-forge/linux-64/gxx_impl_linux-64-15.3.0-h90d9265_7.conda
  sha256: 23e396ca14d05c645f431175379ec010676827d0b7791131ef4f1422f522a755
  md5: f36649dd9798b6982afd26447244984e
  depends:
  - gcc_impl_linux-64 15.3.0 h6ad849d_7
  - libstdcxx-devel_linux-64 15.3.0 hb2c5482_107
  - sysroot_linux-64
  - tzdata
  license: GPL-3.0-only WITH GCC-exception-3.1
  license_family: GPL
  size: 17023748
  timestamp: 1790302893582
- conda: https://conda.anaconda.org/conda-forge/linux-64/gxx_impl_linux-64-16.2.0-h0d273dc_7.conda
  sha256: f873532a86ce9073a7255dec909472c2a271a57db938f383b630a3caa0b47709
  md5: ea011fbfe6ce5b3a74a8e34fc9c8481a
  depends:
  - gcc_impl_linux-64 16.2.0 h9891192_7
  - libstdcxx-devel_linux-64 16.2.0 h86e191b_107
  - sysroot_linux-64
  - tzdata
  license: GPL-3.0-only WITH GCC-exception-3.1
  license_family: GPL
  size: 16987505
  timestamp: 1790303362251
- conda: https://conda.anaconda.org/conda-forge/linux-64/gxx_linux-64-15.3.0-h39dd401_2.conda
  sha256: e2930d886fe946f7e15f79950d766911b4c523f354f6ce29b9b7f204bfa1fe91
  md5: d78d3adbab5f93278d94a3e3c3d40446
  depends:
  - gxx_impl_linux-64 15.3.0.*
  - gcc_linux-64 ==15.3.0 h7df7c86_2
  - binutils_linux-64
  - sysroot_linux-64
  license: BSD-3-Clause
  license_family: BSD
  size: 28776
  timestamp: 1789573355972
- conda: https://conda.anaconda.org/conda-forge/linux-64/gxx_linux-64-16.2.0-h23aca61_2.conda
  sha256: b3dfa09210788fff127a5b7f3aa0ab1f9a83627ae7bd45e8aa5bb6dcf9039bef
  md5: 38b21695fc42aa9bf6d4883e45a80fd9
  depends:
  - gxx_impl_linux-64 16.2.0.*
  - gcc_linux-64 ==16.2.0 h0ab548f_2
  - binutils_linux-64
  - sysroot_linux-64
  license: BSD-3-Clause
  license_family: BSD
  size: 28780
  timestamp: 1789573357529
- conda: https://conda.anaconda.org/conda-forge/linux-64/icu-78.3-py310h44b86e0_2.conda
  sha256: 9f07834f0c546ab14d885ce0366285f61f44e326c0edd1fc63b8294e113ae432
  md5: 72a381cbad04f24b1c2a43ef707f45b4
  depends:
  - __glibc >=2.17,<3.0.a0
  - libstdcxx >=14
  - libgcc >=14
  license: MIT
  license_family: MIT
  purls: []
  size: 14459115
  timestamp: 1786545741408
- conda: https://conda.anaconda.org/conda-forge/linux-64/keyutils-1.6.3-h7cc23a3_1.conda
  sha256: dd053c96dcb0dcfd59422aefea9d2fe937a190167f34fba7893ec1e10a7e8963
  md5: ba55d1b89fd7775e67de8291029b4059
  depends:
  - __glibc >=2.17,<3.0.a0
  - libgcc >=15
  license: LGPL-2.1-or-later
  size: 135295
  timestamp: 1786739238128
- conda: https://conda.anaconda.org/conda-forge/linux-64/krb5-1.22.2-hbc21106_2.conda
  sha256: 2a5c38c85e63df84c4e69ee71439841ce570d259ae3060627bb9a49a938d66f4
  md5: 53318d715316929a574f83591308b1f8
  depends:
  - __glibc >=2.17,<3.0.a0
  - keyutils >=1.6.3,<2.0a0
  - libedit >=3.1.20250104,<3.2.0a0
  - libedit >=3.1.20250104,<4.0a0
  - libgcc >=15
  - libstdcxx >=15
  - openssl >=3.5.7,<4.0a0
  license: MIT
  license_family: MIT
  size: 1394333
  timestamp: 1786762112514
- conda: https://conda.anaconda.org/conda-forge/linux-64/ld_impl_linux-64-2.46.1-default_hbd61a6d_102.conda
  sha256: 27d83f1188cd19bcb7754a078b3fa7f4cfb8527f8eb2fde54dd01fc529d1adec
  md5: 449500f2c089da11c40f5c21312e3e07
  depends:
  - __glibc >=2.17,<3.0.a0
  - zstd >=1.5.7,<1.6.0a0
  constrains:
  - binutils_impl_linux-64 2.46.1
  license: GPL-3.0-only
  license_family: GPL
  purls: []
  size: 745303
  timestamp: 1784214507189
- conda: https://conda.anaconda.org/conda-forge/linux-64/libcublas-13.4.1.3-h676940d_0.conda
  sha256: 38afde9ffc9c2fa1a43fa7a551269a683eff44005cb994a9f15d7fe0157569a1
  md5: a1fc0ab135bc729bd3097ea8b6769244
  depends:
  - __glibc >=2.28,<3.0.a0
  - cuda-nvrtc
  - cuda-version >=13.2,<13.3.0a0
  - libgcc >=14
  - libstdcxx >=14
  license: LicenseRef-NVIDIA-End-User-License-Agreement
  size: 379359977
  timestamp: 1784331491435
- conda: https://conda.anaconda.org/conda-forge/linux-64/libcublas-dev-13.4.1.3-h676940d_0.conda
  sha256: 0f29cafc7908b4fd98452da4c031a9881d2a4a14232d55567cbd56c41229346f
  md5: 869ec6d4ab00b151bd7c9afa2961bb68
  depends:
  - __glibc >=2.28,<3.0.a0
  - cuda-crt-dev_linux-64
  - cuda-cudart-dev_linux-64
  - cuda-version >=13.2,<13.3.0a0
  - libcublas 13.4.1.3 h676940d_0
  - libgcc >=14
  - libstdcxx >=14
  constrains:
  - libcublas-static >=13.4.1.3
  license: LicenseRef-NVIDIA-End-User-License-Agreement
  size: 96273
  timestamp: 1784331851326
- conda: https://conda.anaconda.org/conda-forge/linux-64/libcurl-8.22.0-ha042cf0_0.conda
  sha256: 483b7eb97f56fbb3a9cb7190d33012dfa0a5aaed99ede61465563cd97dd82504
  md5: e617deee7af8eb0c04f6296d12b54157
  depends:
  - __glibc >=2.17,<3.0.a0
  - krb5 >=1.22.2,<1.23.0a0
  - libgcc >=15
  - libnghttp2 >=1.68.1,<2.0a0
  - libpsl >=0.23.1,<0.24.0a0
  - libssh2 >=1.11.1,<2.0a0
  - libzlib >=1.3.2,<2.0a0
  - openssl >=3.5.8,<4.0a0
  - zstd >=1.5.7,<1.6.0a0
  license: curl
  license_family: MIT
  size: 499651
  timestamp: 1788340719230
- conda: https://conda.anaconda.org/conda-forge/linux-64/libedit-3.1.20250104-pl5321h373387f_1.conda
  sha256: 6473eb8caf2aae830f37caa93db9b26dddf7ac84b63229e8bf7fc0e5c3ab95b0
  md5: 50708d3b951d0f8e2d7f2df5b5edc040
  depends:
  - ncurses
  - libgcc >=14
  - __glibc >=2.17,<3.0.a0
  - ncurses >=6.6,<7.0a0
  license: BSD-2-Clause
  license_family: BSD
  size: 135098
  timestamp: 1786616658086
- conda: https://conda.anaconda.org/conda-forge/linux-64/libev-4.33-h280c20c_3.conda
  sha256: e4418f68d01a6307c4431b585c71b584f40189877364e542ee87deb777f5e85b
  md5: 7bc31538d6e3fb349e897353969237ec
  depends:
  - libgcc >=14
  - __glibc >=2.17,<3.0.a0
  license: BSD-2-Clause OR GPL-2.0-or-later
  license_family: GPL
  size: 43220
  timestamp: 1785917328200
- conda: https://conda.anaconda.org/conda-forge/linux-64/libexpat-2.8.5-hd2095e1_0.conda
  sha256: 6de73033a7c5f712c9c5a54124e4581e025691029835e5bceaf10a333a7e7bc0
  md5: 72cfd2b95b0540247220b42f58a148d7
  depends:
  - __glibc >=2.17,<3.0.a0
  - libgcc >=15
  constrains:
  - expat 2.8.5.*
  license: MIT
  license_family: MIT
  purls: []
  size: 77893
  timestamp: 1790346247149
- conda: https://conda.anaconda.org/conda-forge/linux-64/libgcc-16.2.0-ha9f2e26_7.conda
  sha256: e031634c3a928f9594eba868bc46ef5230d6571a364a0c63215b06c4563bfcea
  md5: 735629b400b70eeab21a2ba8f5b1c2ce
  depends:
  - __glibc >=2.17,<3.0.a0
  - _openmp_mutex >=4.5
  constrains:
  - libgcc-ng ==16.2.0=*_7
  - libgomp 16.2.0 he0feb66_7
  license: GPL-3.0-only WITH GCC-exception-3.1
  license_family: GPL
  purls: []
  size: 1058444
  timestamp: 1790303109576
- conda: https://conda.anaconda.org/conda-forge/linux-64/libgomp-16.2.0-he0feb66_7.conda
  sha256: 92a0bb350c7be6a4eedcb4e111c60aefd176018e6b1c009a6e025dbe9bbcd758
  md5: d904c7ddd95e026254b4b80808ee9e12
  depends:
  - __glibc >=2.17,<3.0.a0
  license: GPL-3.0-only WITH GCC-exception-3.1
  license_family: GPL
  purls: []
  size: 640566
  timestamp: 1790303046034
- conda: https://conda.anaconda.org/conda-forge/linux-64/liblzma-5.8.3-hb03c661_1.conda
  sha256: 9787df8c22a59c9a70d3e5a10db9ad663485e75e9ccc3f09bd092cb7b95e0dab
  md5: 1390b7c5ac0b1d8e447bc5efa6d3c8c2
  depends:
  - __glibc >=2.17,<3.0.a0
  - libgcc >=14
  constrains:
  - xz 5.8.3.*
  license: 0BSD
  purls: []
  size: 112995
  timestamp: 1786348617826
- conda: https://conda.anaconda.org/conda-forge/linux-64/libnghttp2-1.68.1-h74cf4be_1.conda
  sha256: 11a2f54a6f391e25738bce0023e6ef499600147bbcf21c1fa69d2e251b03cc6a
  md5: 75d211f04ac87506f1f43420712a69fe
  depends:
  - __glibc >=2.17,<3.0.a0
  - c-ares >=1.34.8,<2.0a0
  - libev >=4.33,<4.34.0a0
  - libev >=4.33,<5.0a0
  - libgcc >=15
  - libstdcxx >=15
  - libzlib >=1.3.2,<2.0a0
  - openssl >=3.5.7,<4.0a0
  license: MIT
  license_family: MIT
  size: 649974
  timestamp: 1787177490105
- conda: https://conda.anaconda.org/conda-forge/linux-64/libnvptxcompiler-dev-13.2.86-ha770c72_0.conda
  sha256: 186fff073b321eedabd4346baee4792722bc7ac247ab555121e75df66f33342c
  md5: cdd1ef560e5c01779d88b2dacfb57100
  depends:
  - cuda-version >=13.2,<13.3.0a0
  - libnvptxcompiler-dev_linux-64 13.2.86 ha770c72_0
  license: LicenseRef-NVIDIA-End-User-License-Agreement
  size: 27822
  timestamp: 1784315285818
- conda: https://conda.anaconda.org/conda-forge/linux-64/libpsl-0.23.1-hd9e3e90_1.conda
  sha256: 09e8effdc89bc5d021349318d32b85594f5b8d8e3ab8f90a85b81f8fe695a566
  md5: 77be60417aa572afcb48cbe0f967401d
  depends:
  - libstdcxx >=15
  - libgcc >=15
  - __glibc >=2.17,<3.0.a0
  - icu >=78.3,<79.0a0
  license: MIT
  license_family: MIT
  size: 72519
  timestamp: 1786970753847
- conda: https://conda.anaconda.org/conda-forge/linux-64/libsanitizer-15.3.0-h54950a5_7.conda
  sha256: 9e5518e38502568f4591be965d48c1a3f79e2da4d74567f1a62e00244cf40222
  md5: 04361d154f650289702f20c0ff86d7be
  depends:
  - __glibc >=2.17,<3.0.a0
  - libgcc >=15.3.0
  - libstdcxx >=15.3.0
  license: GPL-3.0-only WITH GCC-exception-3.1
  license_family: GPL
  size: 8073659
  timestamp: 1790302682129
- conda: https://conda.anaconda.org/conda-forge/linux-64/libsanitizer-16.2.0-h3048135_7.conda
  sha256: e383569c331239308a8663facb76208fc0e141131ff3d17c1c2e50f34716a5a9
  md5: 9cdd9af432fa4eb62094aaf6211425bf
  depends:
  - __glibc >=2.17,<3.0.a0
  - libgcc >=16.2.0
  - libstdcxx >=16.2.0
  license: GPL-3.0-only WITH GCC-exception-3.1
  license_family: GPL
  size: 8115383
  timestamp: 1790303148068
- conda: https://conda.anaconda.org/conda-forge/linux-64/libssh2-1.11.1-h6154650_1.conda
  sha256: 7e463000fa1cba3f3a6597b776f6ab301d425a96e3bc20d0d9d76a3b9f237aa3
  md5: 5c526561e1d2a2e071941174eae84557
  depends:
  - __glibc >=2.17,<3.0.a0
  - libgcc >=14
  - libzlib >=1.3.2,<2.0a0
  - openssl >=3.5.7,<4.0a0
  license: BSD-3-Clause
  license_family: BSD
  size: 306045
  timestamp: 1786713107897
- conda: https://conda.anaconda.org/conda-forge/linux-64/libstdcxx-16.2.0-h934c35e_7.conda
  sha256: fa7018298629fc429971fffd6ecba3d27a7b02e4e890d6a93ea01ffebe8cb745
  md5: 9b6707e0caca917fa6ea9ee473f37a5d
  depends:
  - __glibc >=2.17,<3.0.a0
  - libgcc 16.2.0 ha9f2e26_7
  constrains:
  - libstdcxx-ng ==16.2.0=*_7
  license: GPL-3.0-only WITH GCC-exception-3.1
  license_family: GPL
  purls: []
  size: 6615436
  timestamp: 1790303132935
- conda: https://conda.anaconda.org/conda-forge/linux-64/libuv-1.52.1-h280c20c_1.conda
  sha256: 67761d0206f84140047a367eaf9befe03a7e157a29ee25aee0047b40801cc6b6
  md5: 01c4ed87826af55996768af6dbc936b4
  depends:
  - libgcc >=14
  - __glibc >=2.17,<3.0.a0
  license: MIT
  license_family: MIT
  size: 420040
  timestamp: 1785914567661
- conda: https://conda.anaconda.org/conda-forge/linux-64/libvulkan-headers-1.4.357.0-h4dbf13b_1.conda
  sha256: d06c4f7a7b95ce639b09d1f92a147e792f8974bf209114bda21836c7eee7c0f8
  md5: 8d96fb7cf9b2e996c4caf1cb09c9cf6b
  depends:
  - libstdcxx >=15
  - libgcc >=15
  - __glibc >=2.17,<3.0.a0
  license: Apache-2.0 OR MIT
  size: 2071175
  timestamp: 1787247015719
- conda: https://conda.anaconda.org/conda-forge/linux-64/libvulkan-loader-1.4.357.0-h0e34353_2.conda
  sha256: a70c25b66321ee77f9892b205e3247263c400803f543dc8aca53d569a59c5a77
  md5: c5f5f159b66332152197893427071695
  depends:
  - __glibc >=2.17,<3.0.a0
  - libstdcxx >=15
  - libgcc >=15
  - xorg-libxrandr >=1.5.5,<2.0a0
  - xorg-libx11 >=1.8.13,<2.0a0
  constrains:
  - libvulkan-headers 1.4.357.0.*
  license: Apache-2.0
  license_family: APACHE
  size: 206957
  timestamp: 1787491938583
- conda: https://conda.anaconda.org/conda-forge/linux-64/libxcb-1.17.0-hb83e432_2.conda
  sha256: 7b49e6fd2a584b7f072943e6adf4149677af5121246975278804782d37752837
  md5: 61f0ffba9161cbb3a77722869b21e4bb
  depends:
  - __glibc >=2.17,<3.0.a0
  - libgcc >=15
  - pthread-stubs
  - xorg-libxau >=1.0.12,<2.0a0
  - xorg-libxdmcp >=1.1.5,<2.0a0
  license: MIT
  license_family: MIT
  size: 395120
  timestamp: 1787885788278
- conda: https://conda.anaconda.org/conda-forge/linux-64/libzlib-1.3.2-h25fd6f3_3.conda
  sha256: eb8a0db0aa570124f7d2a93d7c7f596e3390df5e047818d873baad32985fc736
  md5: 0de0122d9570a8ab637c6b73db268389
  depends:
  - __glibc >=2.17,<3.0.a0
  constrains:
  - zlib 1.3.2 *_3
  license: Zlib
  license_family: Other
  purls: []
  size: 63713
  timestamp: 1785362952714
- conda: https://conda.anaconda.org/conda-forge/linux-64/ncurses-6.6-hdb14827_1.conda
  sha256: 5d46557214ed184381dafe835b7c94a474a1c3b307a08a250b1ea4779b44ffb3
  md5: ee6c0cd80a60961a1f48aa3e0b91f986
  depends:
  - __glibc >=2.17,<3.0.a0
  - libgcc >=14
  license: X11 AND BSD-3-Clause
  purls: []
  size: 911196
  timestamp: 1786355078102
- conda: https://conda.anaconda.org/conda-forge/linux-64/ninja-1.13.2-h171cf75_1.conda
  sha256: 2b5f2e865122f9fc0637f520a7cb22e16b9727b2db6761ee16cb5e6404412c81
  md5: 2db7a395d7dc2b6ed5effaf68fb99443
  depends:
  - __glibc >=2.17,<3.0.a0
  - libstdcxx >=14
  - libgcc >=14
  license: Apache-2.0
  license_family: APACHE
  size: 186767
  timestamp: 1786713048064
- conda: https://conda.anaconda.org/conda-forge/linux-64/openssl-3.6.4-h781a0a9_0.conda
  sha256: 4747b2d6a8336f52343bceb8a1ebf41a9e6e665b9d2e3f989972de53a310599e
  md5: 16e3034a330cc625f2c685edec60cf4e
  depends:
  - __glibc >=2.17,<3.0.a0
  - ca-certificates
  - libgcc >=15
  license: Apache-2.0
  license_family: Apache
  purls: []
  size: 3202955
  timestamp: 1787698780103
- conda: https://conda.anaconda.org/conda-forge/linux-64/pthread-stubs-0.4-h7cc23a3_1004.conda
  sha256: 4a44fd00ea73b79ca2c89b0727b9ccf61c506ead71e67a9abfa4c590042b5a4a
  md5: bb66b610707b811e3c65181a6431e7a8
  depends:
  - __glibc >=2.17,<3.0.a0
  - libgcc >=15
  license: MIT
  license_family: MIT
  size: 9630
  timestamp: 1788381877753
- conda: https://conda.anaconda.org/conda-forge/linux-64/rhash-1.4.6-hb03c661_2.conda
  sha256: 186a5b225077ad5f4656966da947d43307101950751ef4a239b455588756b4e1
  md5: 007602d697e07c11ff9864964eba5ee3
  depends:
  - __glibc >=2.17,<3.0.a0
  - libgcc >=14
  license: MIT
  license_family: MIT
  size: 194994
  timestamp: 1786731436520
- conda: https://conda.anaconda.org/conda-forge/linux-64/shaderc-2026.4-hcebf71c_0.conda
  sha256: c4afc748d2e26b2effade87e8c78b7dad41fcaf3cb77a0d1c46a0086c33c3aed
  md5: cb3969d773b52169891f416138bf31c8
  depends:
  - __glibc >=2.17,<3.0.a0
  - glslang >=16,<17.0a0
  - libgcc >=15
  - libstdcxx >=15
  - spirv-tools >=2026,<2027.0a0
  license: Apache-2.0
  license_family: Apache
  size: 113559
  timestamp: 1789236922738
- conda: https://conda.anaconda.org/conda-forge/linux-64/spirv-tools-2026.3-h7148c6a_1.conda
  sha256: 1ff7cdc2e65d3980f977a898d07f4e2b1b6f50dbf7e2fed88b3b4221faf34365
  md5: ac9adda1573683c31a8c58850e911273
  depends:
  - __glibc >=2.17,<3.0.a0
  - libgcc >=15
  - libstdcxx >=15
  constrains:
  - spirv-headers >=1.4.357.0,<1.4.357.1.0a0
  license: Apache-2.0
  license_family: APACHE
  size: 2380634
  timestamp: 1787525383516
- conda: https://conda.anaconda.org/conda-forge/linux-64/xorg-libx11-1.8.13-he1eb515_1.conda
  sha256: 68053eebfa9f0d91666786c8fb5839d989aa9b869add92cb8815228bb2d7302c
  md5: 8c282bbe4808a3cc80a5c98e9aec1cfc
  depends:
  - __glibc >=2.17,<3.0.a0
  - libgcc >=14
  - libxcb >=1.17.0,<2.0a0
  license: MIT
  license_family: MIT
  size: 839578
  timestamp: 1787087012372
- conda: https://conda.anaconda.org/conda-forge/linux-64/xorg-libxau-1.0.12-h7cc23a3_2.conda
  sha256: 3ec065b94554dc48a4ca582a960a5484bc166b26e83ce0954653e08d17e8bd53
  md5: da33efee1a93603d92e06d4a2b68def6
  depends:
  - __glibc >=2.17,<3.0.a0
  - libgcc >=15
  license: MIT
  license_family: MIT
  size: 18793
  timestamp: 1788960512381
- conda: https://conda.anaconda.org/conda-forge/linux-64/xorg-libxdmcp-1.1.5-h7cc23a3_2.conda
  sha256: 8a095df9bc1d2e50f2504ce8858a047ae29ea634aad6cc0b43298c63361da6d9
  md5: eabfc45786244de252090cf8d55128a8
  depends:
  - __glibc >=2.17,<3.0.a0
  - libgcc >=15
  license: MIT
  license_family: MIT
  size: 22606
  timestamp: 1789676943335
- conda: https://conda.anaconda.org/conda-forge/linux-64/xorg-libxext-1.3.7-h7cc23a3_1.conda
  sha256: aa9bbe8b278aacc194e280ff5037f9f9a1f2c5b33ed97de8e7f01cfbe90dda43
  md5: e5b6b28536b81b3f4cb20db4668a4642
  depends:
  - __glibc >=2.17,<3.0.a0
  - libgcc >=15
  - xorg-libx11 >=1.8.13,<2.0a0
  license: MIT
  license_family: MIT
  size: 53124
  timestamp: 1787100841900
- conda: https://conda.anaconda.org/conda-forge/linux-64/xorg-libxrandr-1.5.5-h7cc23a3_1.conda
  sha256: 05a7f25d7f7f5cd32b27a019233ece97167fd8ade255bc13a0e49e53387f4c30
  md5: 798a8c9d171859a022e1cb89e7d0eb10
  depends:
  - __glibc >=2.17,<3.0.a0
  - libgcc >=15
  - xorg-libx11 >=1.8.13,<2.0a0
  - xorg-libxext >=1.3.7,<2.0a0
  - xorg-libxrender >=0.9.12,<0.10.0a0
  license: MIT
  license_family: MIT
  size: 31106
  timestamp: 1787246614086
- conda: https://conda.anaconda.org/conda-forge/linux-64/xorg-libxrender-0.9.12-hb03c661_1.conda
  sha256: 6901f91d398811e4ec89d7e20a69abac02a7bfebfaf073338b7ea3d1a99685b7
  md5: e470d224a7a5be1b1d021bded7abb536
  depends:
  - __glibc >=2.17,<3.0.a0
  - libgcc >=14
  - xorg-libx11 >=1.8.13,<2.0a0
  license: MIT
  license_family: MIT
  size: 34645
  timestamp: 1787100191192
- conda: https://conda.anaconda.org/conda-forge/linux-64/zstd-1.5.7-hb78ec9c_7.conda
  sha256: 47d682b9f6d6ec9eb1a6e6c3e75ea6273e899e78fb7fc59f81d39745009fbc60
  md5: aa459086047c0e5e27023ab19f8cb86a
  depends:
  - __glibc >=2.17,<3.0.a0
  - libzlib >=1.3.2,<2.0a0
  license: BSD-3-Clause
  license_family: BSD
  purls: []
  size: 601301
  timestamp: 1786599621503
- conda: https://conda.anaconda.org/conda-forge/noarch/ca-certificates-2026.7.22-hbd8a1cb_0.conda
  sha256: 0a0544cf95f64394fe4959286f5c71f5444ad58feb0602e53becb27448d24da6
  md5: 0f51e2391ade309db462a55611263e9c
  depends:
  - __unix
  license: ISC
  purls: []
  size: 131780
  timestamp: 1784754889428
- conda: https://conda.anaconda.org/conda-forge/noarch/cuda-cccl_linux-64-13.2.86-ha770c72_0.conda
  sha256: c8cb18f0198e508801a3ee297502e49b7f85454b6601f1c662de05fac5a73423
  md5: 4ce30585c14c3b5b82474357ad2522cd
  depends:
  - cuda-version >=13.2,<13.3.0a0
  license: LicenseRef-NVIDIA-End-User-License-Agreement
  size: 1417902
  timestamp: 1784260591337
- conda: https://conda.anaconda.org/conda-forge/noarch/cuda-crt-dev_linux-64-13.2.86-ha770c72_0.conda
  sha256: f878a0a4d62345e3559f4046e6790e2f9fd7f7a7e8ac2a925c8d8dddf5aaf086
  md5: e52eaf941b0eb6478fa99f633dc9785a
  depends:
  - cuda-version >=13.2,<13.3.0a0
  license: LicenseRef-NVIDIA-End-User-License-Agreement
  size: 96749
  timestamp: 1784315143613
- conda: https://conda.anaconda.org/conda-forge/noarch/cuda-cudart-dev_linux-64-13.2.86-h376f20c_0.conda
  sha256: 4b0c3399f78e8e17204287fe220fcda678bd5aa221cdf0e987bca2d36969f1f0
  md5: 95e2a8a6204f2e64f76df65e921c8f3d
  depends:
  - cuda-cccl_linux-64
  - cuda-cudart-static_linux-64
  - cuda-cudart_linux-64
  - cuda-version >=13.2,<13.3.0a0
  license: LicenseRef-NVIDIA-End-User-License-Agreement
  size: 398566
  timestamp: 1784268196355
- conda: https://conda.anaconda.org/conda-forge/noarch/cuda-cudart-static_linux-64-13.2.86-h376f20c_0.conda
  sha256: bf46d797904ea8d2e9e2067613d75ab6dd3acd5caf555cf7236b0dd978b19038
  md5: 711985a053bb16cd220362fb7e01f993
  depends:
  - cuda-version >=13.2,<13.3.0a0
  license: LicenseRef-NVIDIA-End-User-License-Agreement
  size: 1121719
  timestamp: 1784268179653
- conda: https://conda.anaconda.org/conda-forge/noarch/cuda-cudart_linux-64-13.2.86-h376f20c_0.conda
  sha256: 3c9f564bf13f818b0d80d651deb613452a58d80a38b557c7be207a6c875eaa35
  md5: 498a1539dc0fe794a4bed0d1df28343b
  depends:
  - cuda-version >=13.2,<13.3.0a0
  license: LicenseRef-NVIDIA-End-User-License-Agreement
  size: 202809
  timestamp: 1784268183594
- conda: https://conda.anaconda.org/conda-forge/noarch/cuda-driver-dev_linux-64-13.2.86-h376f20c_0.conda
  sha256: d185e6e4cd255902290b935b79dc1fddfacd26716430496f75e187823e470b93
  md5: 3b5b275988fdabcc4cee7fbe46b85c8e
  depends:
  - cuda-version >=13.2,<13.3.0a0
  license: LicenseRef-NVIDIA-End-User-License-Agreement
  size: 39017
  timestamp: 1784268187315
- conda: https://conda.anaconda.org/conda-forge/noarch/cuda-nvcc-dev_linux-64-13.2.86-he91c749_0.conda
  sha256: d50bfc5255edffc6ced1f280df9d042f52037e46c5f1704b6e292f834c42eb67
  md5: 1c1f4a22751e820511ffa90f74460350
  depends:
  - cuda-crt-dev_linux-64 13.2.86 ha770c72_0
  - cuda-nvvm-dev_linux-64 13.2.86 ha770c72_0
  - cuda-version >=13.2,<13.3.0a0
  - libgcc >=6
  - libnvptxcompiler-dev_linux-64 13.2.86 ha770c72_0
  constrains:
  - gcc_impl_linux-64 >=6,<16.0a0
  license: LicenseRef-NVIDIA-End-User-License-Agreement
  size: 29077
  timestamp: 1784315292487
- conda: https://conda.anaconda.org/conda-forge/noarch/cuda-nvvm-dev_linux-64-13.2.86-ha770c72_0.conda
  sha256: c966edb3488cc8a0517fe51a7c06622540a749c3a18fdd39f8336b5c63082e5a
  md5: 291124c71247328eda7f3a150e281e3b
  depends:
  - cuda-version >=13.2,<13.3.0a0
  license: LicenseRef-NVIDIA-End-User-License-Agreement
  size: 27738
  timestamp: 1784315149451
- conda: https://conda.anaconda.org/conda-forge/noarch/cuda-version-13.2-he2cc418_3.conda
  sha256: 64aebe8ccb3a2c3ff446d3c0c0e88ef4fdb069a5732c03539bf3a37243c4c679
  md5: 45676e3dd76b30ec613f1f822d450eff
  constrains:
  - __cuda >=13
  - cudatoolkit 13.2|13.2.*
  license: LicenseRef-NVIDIA-End-User-License-Agreement
  size: 21908
  timestamp: 1773093709154
- conda: https://conda.anaconda.org/conda-forge/noarch/kernel-headers_linux-64-4.18.0-he073ed8_9.conda
  sha256: 41557eeadf641de6aeae49486cef30d02a6912d8da98585d687894afd65b356a
  md5: 86d9cba083cd041bfbf242a01a7a1999
  constrains:
  - sysroot_linux-64 ==2.28
  license: LGPL-2.0-or-later AND LGPL-2.0-or-later WITH exceptions AND GPL-2.0-or-later
  license_family: GPL
  size: 1278712
  timestamp: 1765578681495
- conda: https://conda.anaconda.org/conda-forge/noarch/kernel-headers_linux-64-6.12.0-he073ed8_6.conda
  sha256: 73b11f31db6c9ebe63d900334fa4f46859aa1ddd8f37cfa5f25a043e0a59253c
  md5: ad5a27ffc9350af2624927dd79edf2be
  constrains:
  - sysroot_linux-64 ==2.39
  license: LGPL-2.0-or-later AND LGPL-2.0-or-later WITH exceptions AND GPL-2.0-or-later
  license_family: GPL
  size: 1539218
  timestamp: 1772553639444
- conda: https://conda.anaconda.org/conda-forge/noarch/libgcc-devel_linux-64-15.3.0-h2b852eb_107.conda
  sha256: 5200a1402eb3c3e9b0e4ba38b3cf163be136d020a15477fb86ce6e754d3ae515
  md5: 057ab488a4da13485caa3b672df9824a
  depends:
  - __unix
  license: GPL-3.0-only WITH GCC-exception-3.1
  license_family: GPL
  size: 3085843
  timestamp: 1790302578256
- conda: https://conda.anaconda.org/conda-forge/noarch/libgcc-devel_linux-64-16.2.0-he3ce08f_107.conda
  sha256: f1e7465f6b53f89b325e441c30ad7b19407b051eca556b6d0386ec05513b8e76
  md5: f689d67c3e828fe80ff290d15f361bc5
  depends:
  - __unix
  license: GPL-3.0-only WITH GCC-exception-3.1
  license_family: GPL
  size: 3099665
  timestamp: 1790302976359
- conda: https://conda.anaconda.org/conda-forge/noarch/libnvptxcompiler-dev_linux-64-13.2.86-ha770c72_0.conda
  sha256: ec3e72774071fb1ded2f35ed65b8aeb5827337964361be71c3cb52fe0a433859
  md5: 1269680a45e7c54271496577d10945f3
  depends:
  - cuda-version >=13.2,<13.3.0a0
  license: LicenseRef-NVIDIA-End-User-License-Agreement
  size: 15205996
  timestamp: 1784315211284
- conda: https://conda.anaconda.org/conda-forge/noarch/libstdcxx-devel_linux-64-15.3.0-hb2c5482_107.conda
  sha256: 4b2d94a9abf2feedea354e4256756c5dc255b84080e7faed9a324a101cf20e74
  md5: edce245dade1c29f691983796b4b8414
  depends:
  - __unix
  license: GPL-3.0-only WITH GCC-exception-3.1
  license_family: GPL
  size: 20673146
  timestamp: 1790302599776
- conda: https://conda.anaconda.org/conda-forge/noarch/libstdcxx-devel_linux-64-16.2.0-h86e191b_107.conda
  sha256: ebbad84bdebd8a9964020d74dcce0f211f1431878c66326f6115dcb59e4c3469
  md5: a713d3c09518a9fc8f603ac0e157263c
  depends:
  - __unix
  license: GPL-3.0-only WITH GCC-exception-3.1
  license_family: GPL
  size: 23329491
  timestamp: 1790303058123
- conda: https://conda.anaconda.org/conda-forge/noarch/spirv-headers-1.4.357.0-habde300_0.conda
  sha256: 114b1704167fe85994736a0c6dfd2805c95fee1f46932b91bca12243fa10ef89
  md5: 10d117a038acf1f92fb35eed02d21a64
  depends:
  - __unix
  license: BSD-3-Clause
  license_family: BSD
  size: 220200
  timestamp: 1785312759122
- conda: https://conda.anaconda.org/conda-forge/noarch/sysroot_linux-64-2.28-h4ee821c_9.conda
  sha256: c47299fe37aebb0fcf674b3be588e67e4afb86225be4b0d452c7eb75c086b851
  md5: 13dc3adbc692664cd3beabd216434749
  depends:
  - __glibc >=2.28
  - kernel-headers_linux-64 4.18.0 he073ed8_9
  - tzdata
  license: LGPL-2.0-or-later AND LGPL-2.0-or-later WITH exceptions AND GPL-2.0-or-later
  license_family: GPL
  size: 24008591
  timestamp: 1765578833462
- conda: https://conda.anaconda.org/conda-forge/noarch/sysroot_linux-64-2.39-hc4b9eeb_6.conda
  sha256: 7d235e4337f122f3439d0196e1c1c6e715a5b88fcbf24f944510186c84168e45
  md5: bc073c887526f93b09b8ca490192790b
  depends:
  - __glibc >=2.39
  - kernel-headers_linux-64 6.12.0 he073ed8_6
  - tzdata
  license: LGPL-2.0-or-later AND LGPL-2.0-or-later WITH exceptions AND GPL-2.0-or-later
  license_family: GPL
  size: 42049621
  timestamp: 1772553816203
- conda: https://conda.anaconda.org/conda-forge/noarch/tzdata-2026c-h151e31d_0.conda
  sha256: b928c30ddcb0e3f544c6eade8352737e6e610e263276b90232db6a578ef899d8
  md5: fcb489df604d100968b737f2cb6076c6
  license: LicenseRef-Public-Domain
  purls: []
  size: 118849
  timestamp: 1784250406640
